
Microsoft Visual Studio Solution File, Format Version 12.00
# Visual Studio Version 17
VisualStudioVersion = 17.9.34728.123
MinimumVisualStudioVersion = 10.0.40219.1
Project("{8BC9CEB8-8B4A-11D0-8D11-00A0C91BC942}") = "PR_12.1", "PR_12.1\PR_12.1.vcxproj", "{DC15F84A-0394-4680-B391-536705F98A67}"
EndProject
Project("{8BC9CEB8-8B4A-11D0-8D11-00A0C91BC942}") = "UnitTest1", "UnitTest1\UnitTest1.vcxproj", "{E1BDB85D-6F13-4997-B51E-E640B0AD0095}"
EndProject
Global
	GlobalSection(SolutionConfigurationPlatforms) = preSolution
		Debug|x64 = Debug|x64
		Debug|x86 = Debug|x86
		Release|x64 = Release|x64
		Release|x86 = Release|x86
	EndGlobalSection
	GlobalSection(ProjectConfigurationPlatforms) = postSolution
		{DC15F84A-0394-4680-B391-536705F98A67}.Debug|x64.ActiveCfg = Debug|x64
		{DC15F84A-0394-4680-B391-536705F98A67}.Debug|x64.Build.0 = Debug|x64
		{DC15F84A-0394-4680-B391-536705F98A67}.Debug|x86.ActiveCfg = Debug|Win32
		{DC15F84A-0394-4680-B391-536705F98A67}.Debug|x86.Build.0 = Debug|Win32
		{DC15F84A-0394-4680-B391-536705F98A67}.Release|x64.ActiveCfg = Release|x64
		{DC15F84A-0394-4680-B391-536705F98A67}.Release|x64.Build.0 = Release|x64
		{DC15F84A-0394-4680-B391-536705F98A67}.Release|x86.ActiveCfg = Release|Win32
		{DC15F84A-0394-4680-B391-536705F98A67}.Release|x86.Build.0 = Release|Win32
		{E1BDB85D-6F13-4997-B51E-E640B0AD0095}.Debug|x64.ActiveCfg = Debug|x64
		{E1BDB85D-6F13-4997-B51E-E640B0AD0095}.Debug|x64.Build.0 = Debug|x64
		{E1BDB85D-6F13-4997-B51E-E640B0AD0095}.Debug|x86.ActiveCfg = Debug|Win32
		{E1BDB85D-6F13-4997-B51E-E640B0AD0095}.Debug|x86.Build.0 = Debug|Win32
		{E1BDB85D-6F13-4997-B51E-E640B0AD0095}.Release|x64.ActiveCfg = Release|x64
		{E1BDB85D-6F13-4997-B51E-E640B0AD0095}.Release|x64.Build.0 = Release|x64
		{E1BDB85D-6F13-4997-B51E-E640B0AD0095}.Release|x86.ActiveCfg = Release|Win32
		{E1BDB85D-6F13-4997-B51E-E640B0AD0095}.Release|x86.Build.0 = Release|Win32
	EndGlobalSection
	GlobalSection(SolutionProperties) = preSolution
		HideSolutionNode = FALSE
	EndGlobalSection
	GlobalSection(ExtensibilityGlobals) = postSolution
		SolutionGuid = {B8A6EAA5-D6F3-42DB-9E32-6CFC25D7E702}
	EndGlobalSection
EndGlobal
